
Microsoft Visual Studio Solution File, Format Version 12.00
# Visual Studio Version 16
VisualStudioVersion = 16.0.30804.86
MinimumVisualStudioVersion = 10.0.40219.1
Project("{8BC9CEB8-8B4A-11D0-8D11-00A0C91BC942}") = "X", "X\X.vcxproj", "{6682BFD4-C79F-49BD-A114-6EE8FB79E8C3}"
EndProject
Project("{8BC9CEB8-8B4A-11D0-8D11-00A0C91BC942}") = "HelloX", "HelloX\HelloX.vcxproj", "{EB5B5272-E5BD-4C62-AA4D-CE7A2F6AE841}"
EndProject
Project("{8BC9CEB8-8B4A-11D0-8D11-00A0C91BC942}") = "HelloCellularAutomata", "HelloCellularAutomata\HelloCellularAutomata.vcxproj", "{9895E18B-E4D6-4376-87E3-49CF66A0AAC6}"
EndProject
Project("{2150E333-8FDC-42A3-9474-1A3956D46DE8}") = "Demos", "Demos", "{B23545E6-D618-46D6-9E0F-F314839BFA2B}"
EndProject
Project("{2150E333-8FDC-42A3-9474-1A3956D46DE8}") = "Externals", "Externals", "{856ED680-E9A4-400F-ADFF-D3C492DCA608}"
EndProject
Project("{8BC9CEB8-8B4A-11D0-8D11-00A0C91BC942}") = "HelloSprites", "HelloSprites\HelloSprites.vcxproj", "{3DED2BFA-B999-4D4F-A17D-D9192C4D883F}"
EndProject
Project("{8BC9CEB8-8B4A-11D0-8D11-00A0C91BC942}") = "HelloQuadtree", "HelloQuadtree\HelloQuadtree.vcxproj", "{ECDD94D9-D699-4BA9-BE2B-59EC44621654}"
EndProject
Project("{8BC9CEB8-8B4A-11D0-8D11-00A0C91BC942}") = "HelloDungeon", "HelloDungeon\HelloDungeon.vcxproj", "{D4C40FA8-D3DA-48A2-AF26-A8AB5659302D}"
EndProject
Project("{8BC9CEB8-8B4A-11D0-8D11-00A0C91BC942}") = "HelloGui", "HelloGui\HelloGui.vcxproj", "{459232E2-7D53-4446-91F8-F275AD6736C4}"
EndProject
Project("{8BC9CEB8-8B4A-11D0-8D11-00A0C91BC942}") = "HelloBoxes", "HelloBoxes\HelloBoxes.vcxproj", "{2AE17E53-463A-4BCC-950D-C01C3C5FBF51}"
EndProject
Project("{8BC9CEB8-8B4A-11D0-8D11-00A0C91BC942}") = "HelloSound", "HelloSound\HelloSound.vcxproj", "{6FF8EA9C-E39B-43DF-83A2-228DA58FDA11}"
EndProject
Project("{8BC9CEB8-8B4A-11D0-8D11-00A0C91BC942}") = "HelloGraph", "HelloGraph\HelloGraph.vcxproj", "{9A6A126E-D6CC-4151-9247-A9F5BDE81106}"
EndProject
Project("{8BC9CEB8-8B4A-11D0-8D11-00A0C91BC942}") = "HelloTopDownShooter", "HelloTopDownShooter\HelloTopDownShooter.vcxproj", "{B43D0AF8-77F2-4B2D-B2E5-279B51AD4BF4}"
EndProject
Project("{8BC9CEB8-8B4A-11D0-8D11-00A0C91BC942}") = "HelloPhysics", "HelloPhysics\HelloPhysics.vcxproj", "{9C5F54FB-2289-47EB-AD3F-CC79BC77E4DA}"
EndProject
Project("{8BC9CEB8-8B4A-11D0-8D11-00A0C91BC942}") = "FW1FontWrapper", "X\External\FW1FontWrapper\FW1FontWrapper.vcxproj", "{0D034612-14E2-44E7-993A-72344A2CA7BD}"
EndProject
Project("{8BC9CEB8-8B4A-11D0-8D11-00A0C91BC942}") = "ImGui", "X\External\ImGui\ImGui.vcxproj", "{BFF9C813-01AF-43B3-A23E-2C62F332B994}"
EndProject
Project("{8BC9CEB8-8B4A-11D0-8D11-00A0C91BC942}") = "HelloRasterizer", "HelloRasterizer\HelloRasterizer.vcxproj", "{B8CE44BF-58B1-441E-999B-F56306091FA0}"
EndProject
Project("{2150E333-8FDC-42A3-9474-1A3956D46DE8}") = "Engine", "Engine", "{06FFC3E3-18A4-40A6-9BB7-DB38F117119F}"
EndProject
Project("{2150E333-8FDC-42A3-9474-1A3956D46DE8}") = "App", "App", "{9988C09B-9C85-42C2-A03F-7D10B5A92D95}"
EndProject
Project("{8BC9CEB8-8B4A-11D0-8D11-00A0C91BC942}") = "Pix", "Pix\Pix.vcxproj", "{11FD057B-8D53-41F5-9045-A40A044CB825}"
EndProject
Project("{8BC9CEB8-8B4A-11D0-8D11-00A0C91BC942}") = "HelloGA", "HelloGA\HelloGA.vcxproj", "{FF36B78C-C497-42C6-B417-3CDE81C6EB18}"
EndProject
Project("{8BC9CEB8-8B4A-11D0-8D11-00A0C91BC942}") = "DirectXTK_Desktop_2019", "X\External\DirectXTK\DirectXTK_Desktop_2019.vcxproj", "{E0B52AE7-E160-4D32-BF3F-910B785E5A8E}"
EndProject
Project("{8BC9CEB8-8B4A-11D0-8D11-00A0C91BC942}") = "DirectXTKAudio_Desktop_2019_Win8", "X\External\DirectXTK\Audio\DirectXTKAudio_Desktop_2019_Win8.vcxproj", "{4F150A30-CECB-49D1-8283-6A3F57438CF5}"
EndProject
Project("{8BC9CEB8-8B4A-11D0-8D11-00A0C91BC942}") = "XTetris", "XTetris\XTetris.vcxproj", "{9ABF4B34-5ACE-4E31-8716-77EF2A19AA02}"
EndProject
Project("{8BC9CEB8-8B4A-11D0-8D11-00A0C91BC942}") = "Test", "Test\Test.vcxproj", "{298DC8C2-ADFD-40F7-806F-34F2E8417A95}"
EndProject
Global
	GlobalSection(SolutionConfigurationPlatforms) = preSolution
		Debug|x64 = Debug|x64
		Debug|x86 = Debug|x86
		Release|x64 = Release|x64
		Release|x86 = Release|x86
	EndGlobalSection
	GlobalSection(ProjectConfigurationPlatforms) = postSolution
		{6682BFD4-C79F-49BD-A114-6EE8FB79E8C3}.Debug|x64.ActiveCfg = Debug|x64
		{6682BFD4-C79F-49BD-A114-6EE8FB79E8C3}.Debug|x64.Build.0 = Debug|x64
		{6682BFD4-C79F-49BD-A114-6EE8FB79E8C3}.Debug|x86.ActiveCfg = Debug|Win32
		{6682BFD4-C79F-49BD-A114-6EE8FB79E8C3}.Debug|x86.Build.0 = Debug|Win32
		{6682BFD4-C79F-49BD-A114-6EE8FB79E8C3}.Release|x64.ActiveCfg = Release|x64
		{6682BFD4-C79F-49BD-A114-6EE8FB79E8C3}.Release|x64.Build.0 = Release|x64
		{6682BFD4-C79F-49BD-A114-6EE8FB79E8C3}.Release|x86.ActiveCfg = Release|Win32
		{6682BFD4-C79F-49BD-A114-6EE8FB79E8C3}.Release|x86.Build.0 = Release|Win32
		{EB5B5272-E5BD-4C62-AA4D-CE7A2F6AE841}.Debug|x64.ActiveCfg = Debug|x64
		{EB5B5272-E5BD-4C62-AA4D-CE7A2F6AE841}.Debug|x64.Build.0 = Debug|x64
		{EB5B5272-E5BD-4C62-AA4D-CE7A2F6AE841}.Debug|x86.ActiveCfg = Debug|Win32
		{EB5B5272-E5BD-4C62-AA4D-CE7A2F6AE841}.Debug|x86.Build.0 = Debug|Win32
		{EB5B5272-E5BD-4C62-AA4D-CE7A2F6AE841}.Release|x64.ActiveCfg = Release|x64
		{EB5B5272-E5BD-4C62-AA4D-CE7A2F6AE841}.Release|x64.Build.0 = Release|x64
		{EB5B5272-E5BD-4C62-AA4D-CE7A2F6AE841}.Release|x86.ActiveCfg = Release|Win32
		{EB5B5272-E5BD-4C62-AA4D-CE7A2F6AE841}.Release|x86.Build.0 = Release|Win32
		{9895E18B-E4D6-4376-87E3-49CF66A0AAC6}.Debug|x64.ActiveCfg = Debug|x64
		{9895E18B-E4D6-4376-87E3-49CF66A0AAC6}.Debug|x64.Build.0 = Debug|x64
		{9895E18B-E4D6-4376-87E3-49CF66A0AAC6}.Debug|x86.ActiveCfg = Debug|Win32
		{9895E18B-E4D6-4376-87E3-49CF66A0AAC6}.Debug|x86.Build.0 = Debug|Win32
		{9895E18B-E4D6-4376-87E3-49CF66A0AAC6}.Release|x64.ActiveCfg = Release|x64
		{9895E18B-E4D6-4376-87E3-49CF66A0AAC6}.Release|x64.Build.0 = Release|x64
		{9895E18B-E4D6-4376-87E3-49CF66A0AAC6}.Release|x86.ActiveCfg = Release|Win32
		{9895E18B-E4D6-4376-87E3-49CF66A0AAC6}.Release|x86.Build.0 = Release|Win32
		{3DED2BFA-B999-4D4F-A17D-D9192C4D883F}.Debug|x64.ActiveCfg = Debug|x64
		{3DED2BFA-B999-4D4F-A17D-D9192C4D883F}.Debug|x64.Build.0 = Debug|x64
		{3DED2BFA-B999-4D4F-A17D-D9192C4D883F}.Debug|x86.ActiveCfg = Debug|Win32
		{3DED2BFA-B999-4D4F-A17D-D9192C4D883F}.Debug|x86.Build.0 = Debug|Win32
		{3DED2BFA-B999-4D4F-A17D-D9192C4D883F}.Release|x64.ActiveCfg = Release|x64
		{3DED2BFA-B999-4D4F-A17D-D9192C4D883F}.Release|x64.Build.0 = Release|x64
		{3DED2BFA-B999-4D4F-A17D-D9192C4D883F}.Release|x86.ActiveCfg = Release|Win32
		{3DED2BFA-B999-4D4F-A17D-D9192C4D883F}.Release|x86.Build.0 = Release|Win32
		{ECDD94D9-D699-4BA9-BE2B-59EC44621654}.Debug|x64.ActiveCfg = Debug|x64
		{ECDD94D9-D699-4BA9-BE2B-59EC44621654}.Debug|x64.Build.0 = Debug|x64
		{ECDD94D9-D699-4BA9-BE2B-59EC44621654}.Debug|x86.ActiveCfg = Debug|Win32
		{ECDD94D9-D699-4BA9-BE2B-59EC44621654}.Debug|x86.Build.0 = Debug|Win32
		{ECDD94D9-D699-4BA9-BE2B-59EC44621654}.Release|x64.ActiveCfg = Release|x64
		{ECDD94D9-D699-4BA9-BE2B-59EC44621654}.Release|x64.Build.0 = Release|x64
		{ECDD94D9-D699-4BA9-BE2B-59EC44621654}.Release|x86.ActiveCfg = Release|Win32
		{ECDD94D9-D699-4BA9-BE2B-59EC44621654}.Release|x86.Build.0 = Release|Win32
		{D4C40FA8-D3DA-48A2-AF26-A8AB5659302D}.Debug|x64.ActiveCfg = Debug|x64
		{D4C40FA8-D3DA-48A2-AF26-A8AB5659302D}.Debug|x64.Build.0 = Debug|x64
		{D4C40FA8-D3DA-48A2-AF26-A8AB5659302D}.Debug|x86.ActiveCfg = Debug|Win32
		{D4C40FA8-D3DA-48A2-AF26-A8AB5659302D}.Debug|x86.Build.0 = Debug|Win32
		{D4C40FA8-D3DA-48A2-AF26-A8AB5659302D}.Release|x64.ActiveCfg = Release|x64
		{D4C40FA8-D3DA-48A2-AF26-A8AB5659302D}.Release|x64.Build.0 = Release|x64
		{D4C40FA8-D3DA-48A2-AF26-A8AB5659302D}.Release|x86.ActiveCfg = Release|Win32
		{D4C40FA8-D3DA-48A2-AF26-A8AB5659302D}.Release|x86.Build.0 = Release|Win32
		{459232E2-7D53-4446-91F8-F275AD6736C4}.Debug|x64.ActiveCfg = Debug|x64
		{459232E2-7D53-4446-91F8-F275AD6736C4}.Debug|x64.Build.0 = Debug|x64
		{459232E2-7D53-4446-91F8-F275AD6736C4}.Debug|x86.ActiveCfg = Debug|Win32
		{459232E2-7D53-4446-91F8-F275AD6736C4}.Debug|x86.Build.0 = Debug|Win32
		{459232E2-7D53-4446-91F8-F275AD6736C4}.Release|x64.ActiveCfg = Release|x64
		{459232E2-7D53-4446-91F8-F275AD6736C4}.Release|x64.Build.0 = Release|x64
		{459232E2-7D53-4446-91F8-F275AD6736C4}.Release|x86.ActiveCfg = Release|Win32
		{459232E2-7D53-4446-91F8-F275AD6736C4}.Release|x86.Build.0 = Release|Win32
		{2AE17E53-463A-4BCC-950D-C01C3C5FBF51}.Debug|x64.ActiveCfg = Debug|x64
		{2AE17E53-463A-4BCC-950D-C01C3C5FBF51}.Debug|x64.Build.0 = Debug|x64
		{2AE17E53-463A-4BCC-950D-C01C3C5FBF51}.Debug|x86.ActiveCfg = Debug|Win32
		{2AE17E53-463A-4BCC-950D-C01C3C5FBF51}.Debug|x86.Build.0 = Debug|Win32
		{2AE17E53-463A-4BCC-950D-C01C3C5FBF51}.Release|x64.ActiveCfg = Release|x64
		{2AE17E53-463A-4BCC-950D-C01C3C5FBF51}.Release|x64.Build.0 = Release|x64
		{2AE17E53-463A-4BCC-950D-C01C3C5FBF51}.Release|x86.ActiveCfg = Release|Win32
		{2AE17E53-463A-4BCC-950D-C01C3C5FBF51}.Release|x86.Build.0 = Release|Win32
		{6FF8EA9C-E39B-43DF-83A2-228DA58FDA11}.Debug|x64.ActiveCfg = Debug|x64
		{6FF8EA9C-E39B-43DF-83A2-228DA58FDA11}.Debug|x64.Build.0 = Debug|x64
		{6FF8EA9C-E39B-43DF-83A2-228DA58FDA11}.Debug|x86.ActiveCfg = Debug|Win32
		{6FF8EA9C-E39B-43DF-83A2-228DA58FDA11}.Debug|x86.Build.0 = Debug|Win32
		{6FF8EA9C-E39B-43DF-83A2-228DA58FDA11}.Release|x64.ActiveCfg = Release|x64
		{6FF8EA9C-E39B-43DF-83A2-228DA58FDA11}.Release|x64.Build.0 = Release|x64
		{6FF8EA9C-E39B-43DF-83A2-228DA58FDA11}.Release|x86.ActiveCfg = Release|Win32
		{6FF8EA9C-E39B-43DF-83A2-228DA58FDA11}.Release|x86.Build.0 = Release|Win32
		{9A6A126E-D6CC-4151-9247-A9F5BDE81106}.Debug|x64.ActiveCfg = Debug|x64
		{9A6A126E-D6CC-4151-9247-A9F5BDE81106}.Debug|x64.Build.0 = Debug|x64
		{9A6A126E-D6CC-4151-9247-A9F5BDE81106}.Debug|x86.ActiveCfg = Debug|Win32
		{9A6A126E-D6CC-4151-9247-A9F5BDE81106}.Debug|x86.Build.0 = Debug|Win32
		{9A6A126E-D6CC-4151-9247-A9F5BDE81106}.Release|x64.ActiveCfg = Release|x64
		{9A6A126E-D6CC-4151-9247-A9F5BDE81106}.Release|x64.Build.0 = Release|x64
		{9A6A126E-D6CC-4151-9247-A9F5BDE81106}.Release|x86.ActiveCfg = Release|Win32
		{9A6A126E-D6CC-4151-9247-A9F5BDE81106}.Release|x86.Build.0 = Release|Win32
		{B43D0AF8-77F2-4B2D-B2E5-279B51AD4BF4}.Debug|x64.ActiveCfg = Debug|x64
		{B43D0AF8-77F2-4B2D-B2E5-279B51AD4BF4}.Debug|x64.Build.0 = Debug|x64
		{B43D0AF8-77F2-4B2D-B2E5-279B51AD4BF4}.Debug|x86.ActiveCfg = Debug|Win32
		{B43D0AF8-77F2-4B2D-B2E5-279B51AD4BF4}.Debug|x86.Build.0 = Debug|Win32
		{B43D0AF8-77F2-4B2D-B2E5-279B51AD4BF4}.Release|x64.ActiveCfg = Release|x64
		{B43D0AF8-77F2-4B2D-B2E5-279B51AD4BF4}.Release|x64.Build.0 = Release|x64
		{B43D0AF8-77F2-4B2D-B2E5-279B51AD4BF4}.Release|x86.ActiveCfg = Release|Win32
		{B43D0AF8-77F2-4B2D-B2E5-279B51AD4BF4}.Release|x86.Build.0 = Release|Win32
		{9C5F54FB-2289-47EB-AD3F-CC79BC77E4DA}.Debug|x64.ActiveCfg = Debug|x64
		{9C5F54FB-2289-47EB-AD3F-CC79BC77E4DA}.Debug|x64.Build.0 = Debug|x64
		{9C5F54FB-2289-47EB-AD3F-CC79BC77E4DA}.Debug|x86.ActiveCfg = Debug|Win32
		{9C5F54FB-2289-47EB-AD3F-CC79BC77E4DA}.Debug|x86.Build.0 = Debug|Win32
		{9C5F54FB-2289-47EB-AD3F-CC79BC77E4DA}.Release|x64.ActiveCfg = Release|x64
		{9C5F54FB-2289-47EB-AD3F-CC79BC77E4DA}.Release|x64.Build.0 = Release|x64
		{9C5F54FB-2289-47EB-AD3F-CC79BC77E4DA}.Release|x86.ActiveCfg = Release|Win32
		{9C5F54FB-2289-47EB-AD3F-CC79BC77E4DA}.Release|x86.Build.0 = Release|Win32
		{0D034612-14E2-44E7-993A-72344A2CA7BD}.Debug|x64.ActiveCfg = Debug|x64
		{0D034612-14E2-44E7-993A-72344A2CA7BD}.Debug|x64.Build.0 = Debug|x64
		{0D034612-14E2-44E7-993A-72344A2CA7BD}.Debug|x86.ActiveCfg = Debug|Win32
		{0D034612-14E2-44E7-993A-72344A2CA7BD}.Debug|x86.Build.0 = Debug|Win32
		{0D034612-14E2-44E7-993A-72344A2CA7BD}.Release|x64.ActiveCfg = Release|x64
		{0D034612-14E2-44E7-993A-72344A2CA7BD}.Release|x64.Build.0 = Release|x64
		{0D034612-14E2-44E7-993A-72344A2CA7BD}.Release|x86.ActiveCfg = Release|Win32
		{0D034612-14E2-44E7-993A-72344A2CA7BD}.Release|x86.Build.0 = Release|Win32
		{BFF9C813-01AF-43B3-A23E-2C62F332B994}.Debug|x64.ActiveCfg = Debug|x64
		{BFF9C813-01AF-43B3-A23E-2C62F332B994}.Debug|x64.Build.0 = Debug|x64
		{BFF9C813-01AF-43B3-A23E-2C62F332B994}.Debug|x86.ActiveCfg = Debug|Win32
		{BFF9C813-01AF-43B3-A23E-2C62F332B994}.Debug|x86.Build.0 = Debug|Win32
		{BFF9C813-01AF-43B3-A23E-2C62F332B994}.Release|x64.ActiveCfg = Release|x64
		{BFF9C813-01AF-43B3-A23E-2C62F332B994}.Release|x64.Build.0 = Release|x64
		{BFF9C813-01AF-43B3-A23E-2C62F332B994}.Release|x86.ActiveCfg = Release|Win32
		{BFF9C813-01AF-43B3-A23E-2C62F332B994}.Release|x86.Build.0 = Release|Win32
		{B8CE44BF-58B1-441E-999B-F56306091FA0}.Debug|x64.ActiveCfg = Debug|x64
		{B8CE44BF-58B1-441E-999B-F56306091FA0}.Debug|x64.Build.0 = Debug|x64
		{B8CE44BF-58B1-441E-999B-F56306091FA0}.Debug|x86.ActiveCfg = Debug|Win32
		{B8CE44BF-58B1-441E-999B-F56306091FA0}.Debug|x86.Build.0 = Debug|Win32
		{B8CE44BF-58B1-441E-999B-F56306091FA0}.Release|x64.ActiveCfg = Release|x64
		{B8CE44BF-58B1-441E-999B-F56306091FA0}.Release|x64.Build.0 = Release|x64
		{B8CE44BF-58B1-441E-999B-F56306091FA0}.Release|x86.ActiveCfg = Release|Win32
		{B8CE44BF-58B1-441E-999B-F56306091FA0}.Release|x86.Build.0 = Release|Win32
		{11FD057B-8D53-41F5-9045-A40A044CB825}.Debug|x64.ActiveCfg = Debug|x64
		{11FD057B-8D53-41F5-9045-A40A044CB825}.Debug|x64.Build.0 = Debug|x64
		{11FD057B-8D53-41F5-9045-A40A044CB825}.Debug|x86.ActiveCfg = Debug|Win32
		{11FD057B-8D53-41F5-9045-A40A044CB825}.Debug|x86.Build.0 = Debug|Win32
		{11FD057B-8D53-41F5-9045-A40A044CB825}.Release|x64.ActiveCfg = Release|x64
		{11FD057B-8D53-41F5-9045-A40A044CB825}.Release|x64.Build.0 = Release|x64
		{11FD057B-8D53-41F5-9045-A40A044CB825}.Release|x86.ActiveCfg = Release|Win32
		{11FD057B-8D53-41F5-9045-A40A044CB825}.Release|x86.Build.0 = Release|Win32
		{FF36B78C-C497-42C6-B417-3CDE81C6EB18}.Debug|x64.ActiveCfg = Debug|x64
		{FF36B78C-C497-42C6-B417-3CDE81C6EB18}.Debug|x64.Build.0 = Debug|x64
		{FF36B78C-C497-42C6-B417-3CDE81C6EB18}.Debug|x86.ActiveCfg = Debug|Win32
		{FF36B78C-C497-42C6-B417-3CDE81C6EB18}.Debug|x86.Build.0 = Debug|Win32
		{FF36B78C-C497-42C6-B417-3CDE81C6EB18}.Release|x64.ActiveCfg = Release|x64
		{FF36B78C-C497-42C6-B417-3CDE81C6EB18}.Release|x64.Build.0 = Release|x64
		{FF36B78C-C497-42C6-B417-3CDE81C6EB18}.Release|x86.ActiveCfg = Release|Win32
		{FF36B78C-C497-42C6-B417-3CDE81C6EB18}.Release|x86.Build.0 = Release|Win32
		{E0B52AE7-E160-4D32-BF3F-910B785E5A8E}.Debug|x64.ActiveCfg = Debug|x64
		{E0B52AE7-E160-4D32-BF3F-910B785E5A8E}.Debug|x64.Build.0 = Debug|x64
		{E0B52AE7-E160-4D32-BF3F-910B785E5A8E}.Debug|x86.ActiveCfg = Debug|Win32
		{E0B52AE7-E160-4D32-BF3F-910B785E5A8E}.Debug|x86.Build.0 = Debug|Win32
		{E0B52AE7-E160-4D32-BF3F-910B785E5A8E}.Release|x64.ActiveCfg = Release|x64
		{E0B52AE7-E160-4D32-BF3F-910B785E5A8E}.Release|x64.Build.0 = Release|x64
		{E0B52AE7-E160-4D32-BF3F-910B785E5A8E}.Release|x86.ActiveCfg = Release|Win32
		{E0B52AE7-E160-4D32-BF3F-910B785E5A8E}.Release|x86.Build.0 = Release|Win32
		{4F150A30-CECB-49D1-8283-6A3F57438CF5}.Debug|x64.ActiveCfg = Debug|x64
		{4F150A30-CECB-49D1-8283-6A3F57438CF5}.Debug|x64.Build.0 = Debug|x64
		{4F150A30-CECB-49D1-8283-6A3F57438CF5}.Debug|x86.ActiveCfg = Debug|Win32
		{4F150A30-CECB-49D1-8283-6A3F57438CF5}.Debug|x86.Build.0 = Debug|Win32
		{4F150A30-CECB-49D1-8283-6A3F57438CF5}.Release|x64.ActiveCfg = Release|x64
		{4F150A30-CECB-49D1-8283-6A3F57438CF5}.Release|x64.Build.0 = Release|x64
		{4F150A30-CECB-49D1-8283-6A3F57438CF5}.Release|x86.ActiveCfg = Release|Win32
		{4F150A30-CECB-49D1-8283-6A3F57438CF5}.Release|x86.Build.0 = Release|Win32
		{9ABF4B34-5ACE-4E31-8716-77EF2A19AA02}.Debug|x64.ActiveCfg = Debug|x64
		{9ABF4B34-5ACE-4E31-8716-77EF2A19AA02}.Debug|x64.Build.0 = Debug|x64
		{9ABF4B34-5ACE-4E31-8716-77EF2A19AA02}.Debug|x86.ActiveCfg = Debug|Win32
		{9ABF4B34-5ACE-4E31-8716-77EF2A19AA02}.Debug|x86.Build.0 = Debug|Win32
		{9ABF4B34-5ACE-4E31-8716-77EF2A19AA02}.Release|x64.ActiveCfg = Release|x64
		{9ABF4B34-5ACE-4E31-8716-77EF2A19AA02}.Release|x64.Build.0 = Release|x64
		{9ABF4B34-5ACE-4E31-8716-77EF2A19AA02}.Release|x86.ActiveCfg = Release|Win32
		{9ABF4B34-5ACE-4E31-8716-77EF2A19AA02}.Release|x86.Build.0 = Release|Win32
		{298DC8C2-ADFD-40F7-806F-34F2E8417A95}.Debug|x64.ActiveCfg = Debug|x64
		{298DC8C2-ADFD-40F7-806F-34F2E8417A95}.Debug|x64.Build.0 = Debug|x64
		{298DC8C2-ADFD-40F7-806F-34F2E8417A95}.Debug|x86.ActiveCfg = Debug|Win32
		{298DC8C2-ADFD-40F7-806F-34F2E8417A95}.Debug|x86.Build.0 = Debug|Win32
		{298DC8C2-ADFD-40F7-806F-34F2E8417A95}.Release|x64.ActiveCfg = Release|x64
		{298DC8C2-ADFD-40F7-806F-34F2E8417A95}.Release|x64.Build.0 = Release|x64
		{298DC8C2-ADFD-40F7-806F-34F2E8417A95}.Release|x86.ActiveCfg = Release|Win32
		{298DC8C2-ADFD-40F7-806F-34F2E8417A95}.Release|x86.Build.0 = Release|Win32
	EndGlobalSection
	GlobalSection(SolutionProperties) = preSolution
		HideSolutionNode = FALSE
	EndGlobalSection
	GlobalSection(NestedProjects) = preSolution
		{6682BFD4-C79F-49BD-A114-6EE8FB79E8C3} = {06FFC3E3-18A4-40A6-9BB7-DB38F117119F}
		{EB5B5272-E5BD-4C62-AA4D-CE7A2F6AE841} = {B23545E6-D618-46D6-9E0F-F314839BFA2B}
		{9895E18B-E4D6-4376-87E3-49CF66A0AAC6} = {B23545E6-D618-46D6-9E0F-F314839BFA2B}
		{3DED2BFA-B999-4D4F-A17D-D9192C4D883F} = {B23545E6-D618-46D6-9E0F-F314839BFA2B}
		{ECDD94D9-D699-4BA9-BE2B-59EC44621654} = {B23545E6-D618-46D6-9E0F-F314839BFA2B}
		{D4C40FA8-D3DA-48A2-AF26-A8AB5659302D} = {B23545E6-D618-46D6-9E0F-F314839BFA2B}
		{459232E2-7D53-4446-91F8-F275AD6736C4} = {B23545E6-D618-46D6-9E0F-F314839BFA2B}
		{2AE17E53-463A-4BCC-950D-C01C3C5FBF51} = {B23545E6-D618-46D6-9E0F-F314839BFA2B}
		{6FF8EA9C-E39B-43DF-83A2-228DA58FDA11} = {B23545E6-D618-46D6-9E0F-F314839BFA2B}
		{9A6A126E-D6CC-4151-9247-A9F5BDE81106} = {B23545E6-D618-46D6-9E0F-F314839BFA2B}
		{B43D0AF8-77F2-4B2D-B2E5-279B51AD4BF4} = {B23545E6-D618-46D6-9E0F-F314839BFA2B}
		{9C5F54FB-2289-47EB-AD3F-CC79BC77E4DA} = {B23545E6-D618-46D6-9E0F-F314839BFA2B}
		{0D034612-14E2-44E7-993A-72344A2CA7BD} = {856ED680-E9A4-400F-ADFF-D3C492DCA608}
		{BFF9C813-01AF-43B3-A23E-2C62F332B994} = {856ED680-E9A4-400F-ADFF-D3C492DCA608}
		{B8CE44BF-58B1-441E-999B-F56306091FA0} = {B23545E6-D618-46D6-9E0F-F314839BFA2B}
		{11FD057B-8D53-41F5-9045-A40A044CB825} = {9988C09B-9C85-42C2-A03F-7D10B5A92D95}
		{FF36B78C-C497-42C6-B417-3CDE81C6EB18} = {B23545E6-D618-46D6-9E0F-F314839BFA2B}
		{E0B52AE7-E160-4D32-BF3F-910B785E5A8E} = {856ED680-E9A4-400F-ADFF-D3C492DCA608}
		{4F150A30-CECB-49D1-8283-6A3F57438CF5} = {856ED680-E9A4-400F-ADFF-D3C492DCA608}
		{298DC8C2-ADFD-40F7-806F-34F2E8417A95} = {B23545E6-D618-46D6-9E0F-F314839BFA2B}
	EndGlobalSection
	GlobalSection(ExtensibilityGlobals) = postSolution
		SolutionGuid = {2D84BED7-7031-4090-B4D3-57A9E4C0998B}
	EndGlobalSection
	GlobalSection(TeamFoundationVersionControl) = preSolution
		SccNumberOfProjects = 1
		SccEnterpriseProvider = {4CA58AB2-18FA-4F8D-95D4-32DDF27D184C}
		SccTeamFoundationServer = https://ptychan.visualstudio.com/
		SccProjectUniqueName0 = X\\External\\ImGui\\ImGui.vcxproj
		SccProjectTopLevelParentUniqueName0 = X.sln
		SccProjectName0 = X/External/ImGui
		SccAuxPath0 = https://ptychan.visualstudio.com
		SccLocalPath0 = X\\External\\ImGui
		SccProvider0 = {4CA58AB2-18FA-4F8D-95D4-32DDF27D184C}
	EndGlobalSection
EndGlobal
