<?xml version="1.0" encoding="utf-8"?>
<Project ToolsVersion="4.0" xmlns="http://schemas.microsoft.com/developer/msbuild/2003">
  <ItemGroup>
    <ClCompile Include="WinMain.cpp" />
    <ClCompile Include="BobsMap.cpp" />
    <ClCompile Include="BobGA.cpp" />
  </ItemGroup>
  <ItemGroup>
    <ClInclude Include="BobsMap.h" />
    <ClInclude Include="BobGA.h" />
  </ItemGroup>
  <ItemGroup>
    <None Include="xconfig.json" />
  </ItemGroup>
</Project>